
Microsoft Visual Studio Solution File, Format Version 12.00
# Visual Studio Version 17
VisualStudioVersion = 17.9.34714.143
MinimumVisualStudioVersion = 10.0.40219.1
Project("{8BC9CEB8-8B4A-11D0-8D11-00A0C91BC942}") = "app3", "app3.vcxproj", "{CBCB7EBF-844A-4DC8-B06B-BE6FBFB3B7E2}"
EndProject
Global
	GlobalSection(SolutionConfigurationPlatforms) = preSolution
		Debug|x64 = Debug|x64
		Debug|x86 = Debug|x86
		Release|x64 = Release|x64
		Release|x86 = Release|x86
	EndGlobalSection
	GlobalSection(ProjectConfigurationPlatforms) = postSolution
		{CBCB7EBF-844A-4DC8-B06B-BE6FBFB3B7E2}.Debug|x64.ActiveCfg = Debug|x64
		{CBCB7EBF-844A-4DC8-B06B-BE6FBFB3B7E2}.Debug|x64.Build.0 = Debug|x64
		{CBCB7EBF-844A-4DC8-B06B-BE6FBFB3B7E2}.Debug|x86.ActiveCfg = Debug|Win32
		{CBCB7EBF-844A-4DC8-B06B-BE6FBFB3B7E2}.Debug|x86.Build.0 = Debug|Win32
		{CBCB7EBF-844A-4DC8-B06B-BE6FBFB3B7E2}.Release|x64.ActiveCfg = Release|x64
		{CBCB7EBF-844A-4DC8-B06B-BE6FBFB3B7E2}.Release|x64.Build.0 = Release|x64
		{CBCB7EBF-844A-4DC8-B06B-BE6FBFB3B7E2}.Release|x86.ActiveCfg = Release|Win32
		{CBCB7EBF-844A-4DC8-B06B-BE6FBFB3B7E2}.Release|x86.Build.0 = Release|Win32
	EndGlobalSection
	GlobalSection(SolutionProperties) = preSolution
		HideSolutionNode = FALSE
	EndGlobalSection
	GlobalSection(ExtensibilityGlobals) = postSolution
		SolutionGuid = {EF6F3337-8E97-41DD-B948-1204DB082660}
	EndGlobalSection
EndGlobal
